
Microsoft Visual Studio Solution File, Format Version 12.00
# Visual Studio Version 17
VisualStudioVersion = 17.14.36301.6 d17.14
MinimumVisualStudioVersion = 10.0.40219.1
Project("{FAE04EC0-301F-11D3-BF4B-00C04F79EFBC}") = "BulkyWeb", "BulkyWeb\BulkyWeb.csproj", "{EEDD38D2-FF15-4738-A007-D15B52E91CCB}"
EndProject
Global
	GlobalSection(SolutionConfigurationPlatforms) = preSolution
		Debug|Any CPU = Debug|Any CPU
		Release|Any CPU = Release|Any CPU
	EndGlobalSection
	GlobalSection(ProjectConfigurationPlatforms) = postSolution
		{EEDD38D2-FF15-4738-A007-D15B52E91CCB}.Debug|Any CPU.ActiveCfg = Debug|Any CPU
		{EEDD38D2-FF15-4738-A007-D15B52E91CCB}.Debug|Any CPU.Build.0 = Debug|Any CPU
		{EEDD38D2-FF15-4738-A007-D15B52E91CCB}.Release|Any CPU.ActiveCfg = Release|Any CPU
		{EEDD38D2-FF15-4738-A007-D15B52E91CCB}.Release|Any CPU.Build.0 = Release|Any CPU
	EndGlobalSection
	GlobalSection(SolutionProperties) = preSolution
		HideSolutionNode = FALSE
	EndGlobalSection
	GlobalSection(ExtensibilityGlobals) = postSolution
		SolutionGuid = {6EAE057B-E55E-4783-BF81-8C2B9C9863F9}
	EndGlobalSection
EndGlobal
